<?xml version="1.0" encoding="utf-8"?>
<Project ToolsVersion="4.0" xmlns="http://schemas.microsoft.com/developer/msbuild/2003">
  <ItemGroup>
    <Filter Include="소스 파일">
      <UniqueIdentifier>{4FC737F1-C7A5-4376-A066-2A32D752A2FF}</UniqueIdentifier>
      <Extensions>cpp;c;cc;cxx;c++;cppm;ixx;def;odl;idl;hpj;bat;asm;asmx</Extensions>
    </Filter>
    <Filter Include="헤더 파일">
      <UniqueIdentifier>{93995380-89BD-4b04-88EB-625FBE52EBFB}</UniqueIdentifier>
      <Extensions>h;hh;hpp;hxx;h++;hm;inl;inc;ipp;xsd</Extensions>
    </Filter>
    <Filter Include="리소스 파일">
      <UniqueIdentifier>{67DA6AB6-F800-4c08-8B7A-83BB121AAD01}</UniqueIdentifier>
      <Extensions>rc;ico;cur;bmp;dlg;rc2;rct;bin;rgs;gif;jpg;jpeg;jpe;resx;tiff;tif;png;wav;mfcribbon-ms</Extensions>
    </Filter>
    <Filter Include="2024_04_02">
      <UniqueIdentifier>{2b1fa503-67fd-4cc4-ae6b-d7c206d58a96}</UniqueIdentifier>
    </Filter>
    <Filter Include="2024_04_02\소스">
      <UniqueIdentifier>{ba330573-3d00-4148-ae55-5ac19bc98d9b}</UniqueIdentifier>
    </Filter>
    <Filter Include="2024_04_02\헤더">
      <UniqueIdentifier>{3530cc23-a90c-4a9e-be02-9d0b4dbe20d0}</UniqueIdentifier>
    </Filter>
    <Filter Include="2024_04_03">
      <UniqueIdentifier>{e5e59dcf-6685-4f5f-8a7a-c5ca84f64342}</UniqueIdentifier>
    </Filter>
    <Filter Include="2024_04_03\헤더">
      <UniqueIdentifier>{d4421225-bed9-4fa4-99f1-679a8065e02c}</UniqueIdentifier>
    </Filter>
    <Filter Include="2024_04_03\소스">
      <UniqueIdentifier>{d4b118d9-8769-4327-8c36-5b1a6b70c93a}</UniqueIdentifier>
    </Filter>
    <Filter Include="2024_04_04">
      <UniqueIdentifier>{bb8c9f16-08b0-4cd3-a75f-1f30ee90d12b}</UniqueIdentifier>
    </Filter>
    <Filter Include="2024_04_04\소스">
      <UniqueIdentifier>{3810cbac-e785-4685-bee4-f144a0b08217}</UniqueIdentifier>
    </Filter>
    <Filter Include="2024_04_04\헤더">
      <UniqueIdentifier>{533bbf49-aa0d-49ec-b85f-a9f78d4a2536}</UniqueIdentifier>
    </Filter>
    <Filter Include="2024_04_13">
      <UniqueIdentifier>{d0f6a332-97a6-4bef-a779-8ab8027f10f6}</UniqueIdentifier>
    </Filter>
    <Filter Include="2024_04_13\소스">
      <UniqueIdentifier>{262b468a-3f02-409d-8484-2ffd2e9c10e8}</UniqueIdentifier>
    </Filter>
    <Filter Include="2024_04_13\헤더">
      <UniqueIdentifier>{a62de9a8-0ea4-40fa-bdb5-9b764def0847}</UniqueIdentifier>
    </Filter>
    <Filter Include="2024_04_15">
      <UniqueIdentifier>{eb1f5ed8-c477-4435-bd08-5ec885e9a340}</UniqueIdentifier>
    </Filter>
    <Filter Include="2024_04_15\소스">
      <UniqueIdentifier>{7dbe89e7-3519-4a12-8cf8-761d22178801}</UniqueIdentifier>
    </Filter>
    <Filter Include="2024_04_15\헤더">
      <UniqueIdentifier>{3ba0598a-03fe-4aa6-8a6a-44030580bb66}</UniqueIdentifier>
    </Filter>
    <Filter Include="2024-04-18">
      <UniqueIdentifier>{7067d7df-726c-447b-9bc8-df6e14dafd0b}</UniqueIdentifier>
    </Filter>
    <Filter Include="2024-04-18\소스">
      <UniqueIdentifier>{9ee9858f-c8fa-47e3-b102-e0121bbb6902}</UniqueIdentifier>
    </Filter>
    <Filter Include="2024-04-18\헤더">
      <UniqueIdentifier>{19409640-f4c2-42c3-ae2b-b56222acaeca}</UniqueIdentifier>
    </Filter>
    <Filter Include="2024-04-19">
      <UniqueIdentifier>{6cf94674-9155-47da-ad0c-1c04b3196838}</UniqueIdentifier>
    </Filter>
    <Filter Include="2024-04-19\소스">
      <UniqueIdentifier>{4894d00a-e66a-45a0-a86e-334448cd8ee9}</UniqueIdentifier>
    </Filter>
    <Filter Include="2024-04-19\헤더">
      <UniqueIdentifier>{1388be2e-32c2-4cba-ba6d-9bcc014f28c5}</UniqueIdentifier>
    </Filter>
    <Filter Include="2024-04-21">
      <UniqueIdentifier>{5d965a9d-96ce-4c2f-880f-3f4016ee3f47}</UniqueIdentifier>
    </Filter>
    <Filter Include="2024-04-21\소스">
      <UniqueIdentifier>{cb7d10b7-5ab8-445c-85ce-2cd63b6c153a}</UniqueIdentifier>
    </Filter>
    <Filter Include="2024-04-21\헤더">
      <UniqueIdentifier>{9327aabf-4dc5-4e67-a7db-a9c2e66612d1}</UniqueIdentifier>
    </Filter>
  </ItemGroup>
  <ItemGroup>
    <ClCompile Include="main.cpp">
      <Filter>소스 파일</Filter>
    </ClCompile>
    <ClCompile Include="MyClass.cpp">
      <Filter>2024_04_02\소스</Filter>
    </ClCompile>
    <ClCompile Include="i_want_your_setting.cpp">
      <Filter>2024_04_03\소스</Filter>
    </ClCompile>
    <ClCompile Include="UserInfo.cpp">
      <Filter>2024_04_03\소스</Filter>
    </ClCompile>
    <ClCompile Include="UserDetails.cpp">
      <Filter>2024_04_03\소스</Filter>
    </ClCompile>
    <ClCompile Include="BankAccount.cpp">
      <Filter>2024_04_04\소스</Filter>
    </ClCompile>
    <ClCompile Include="Calculator.cpp">
      <Filter>2024_04_04\소스</Filter>
    </ClCompile>
    <ClCompile Include="ControFlowExamples.cpp">
      <Filter>2024_04_13\소스</Filter>
    </ClCompile>
    <ClCompile Include="ControlFlowExamples.cpp">
      <Filter>2024_04_15\소스</Filter>
    </ClCompile>
    <ClCompile Include="GradeManager.cpp">
      <Filter>2024_04_15\소스</Filter>
    </ClCompile>
    <ClCompile Include="fstrema20240418.cpp">
      <Filter>2024-04-18\소스</Filter>
    </ClCompile>
    <ClCompile Include="Stack20240418.cpp">
      <Filter>2024-04-18\소스</Filter>
    </ClCompile>
    <ClCompile Include="incremenet_array20240419.cpp">
      <Filter>2024-04-19\소스</Filter>
    </ClCompile>
    <ClCompile Include="Container20240419.cpp">
      <Filter>2024-04-19\소스</Filter>
    </ClCompile>
    <ClCompile Include="Calculate20240419.cpp">
      <Filter>2024-04-19\소스</Filter>
    </ClCompile>
    <ClCompile Include="convertToUpper20240421.cpp">
      <Filter>2024-04-21\소스</Filter>
    </ClCompile>
    <ClCompile Include="MacroExample20240421.cpp">
      <Filter>2024-04-21\소스</Filter>
    </ClCompile>
  </ItemGroup>
  <ItemGroup>
    <ClInclude Include="MyClass.h">
      <Filter>2024_04_02\헤더</Filter>
    </ClInclude>
    <ClInclude Include="i_want_your_setting.h">
      <Filter>2024_04_03\헤더</Filter>
    </ClInclude>
    <ClInclude Include="UserInfo.h">
      <Filter>2024_04_03\헤더</Filter>
    </ClInclude>
    <ClInclude Include="UserDetails.h">
      <Filter>2024_04_03\헤더</Filter>
    </ClInclude>
    <ClInclude Include="BankAccount.h">
      <Filter>2024_04_04\헤더</Filter>
    </ClInclude>
    <ClInclude Include="Calculator.h">
      <Filter>2024_04_04\헤더</Filter>
    </ClInclude>
    <ClInclude Include="ControFlowExamples.h">
      <Filter>2024_04_13\헤더</Filter>
    </ClInclude>
    <ClInclude Include="ControlFlowExamples.h">
      <Filter>2024_04_15\헤더</Filter>
    </ClInclude>
    <ClInclude Include="GradeManager.h">
      <Filter>2024_04_15\헤더</Filter>
    </ClInclude>
    <ClInclude Include="fstrema20240418.h">
      <Filter>2024-04-18\헤더</Filter>
    </ClInclude>
    <ClInclude Include="Stack20240418.h">
      <Filter>2024-04-18\헤더</Filter>
    </ClInclude>
    <ClInclude Include="incremenet_array20240419.h">
      <Filter>2024-04-19\헤더</Filter>
    </ClInclude>
    <ClInclude Include="Container20240419.h">
      <Filter>2024-04-19\헤더</Filter>
    </ClInclude>
    <ClInclude Include="Calculate20240419.h">
      <Filter>2024-04-19\헤더</Filter>
    </ClInclude>
    <ClInclude Include="convertToUpper20240421.h">
      <Filter>2024-04-21\헤더</Filter>
    </ClInclude>
    <ClInclude Include="MacroExample20240421.h">
      <Filter>2024-04-21\헤더</Filter>
    </ClInclude>
  </ItemGroup>
</Project>